{
  "requires": true,
  "lockfileVersion": 1,
  "dependencies": {
    "primeicons": {
      "version": "4.0.0",
      "resolved": "https://registry.npmjs.org/primeicons/-/primeicons-4.0.0.tgz",
      "integrity": "sha512-JQBIswGSItn8I0Pq21RchENpKJxSi1MjfBDfggMQpXtoKNKblJoHmol/7tCV3CAV2Dlb94ht8TD8qdIAW01pGg=="
    },
    "primevue": {
      "version": "2.2.0",
      "resolved": "https://registry.npmjs.org/primevue/-/primevue-2.2.0.tgz",
      "integrity": "sha512-K97Ud2sL8tnymumB+mvdtvU/BP4LZS1/aNmr23EQ+7D81WdAiXs/c31LxtLrqFXUbJSTWLecPvYIeu+2GgtDXQ=="
    },
    "vuex": {
      "version": "3.5.1",
      "resolved": "https://registry.npmjs.org/vuex/-/vuex-3.5.1.tgz",
      "integrity": "sha512-w7oJzmHQs0FM9LXodfskhw9wgKBiaB+totOdb8sNzbTB2KDCEEwEs29NzBZFh/lmEK1t5tDmM1vtsO7ubG1DFw=="
    }
  }
}
